
Microsoft Visual Studio Solution File, Format Version 12.00
# Visual Studio Version 17
VisualStudioVersion = 17.2.32616.157
MinimumVisualStudioVersion = 10.0.40219.1
Project("{9A19103F-16F7-4668-BE54-9A1E7A4F7556}") = "Dictify", "Dictify\Dictify.csproj", "{CC29BDE4-BED3-44E6-981E-0DAD3DEAA5FD}"
EndProject
Project("{FAE04EC0-301F-11D3-BF4B-00C04F79EFBC}") = "Dictify.Demo", "Dictify.Demo\Dictify.Demo.csproj", "{6D8D0E1A-A2BD-43AA-BDFA-0DBA31F4BB19}"
EndProject
Global
	GlobalSection(SolutionConfigurationPlatforms) = preSolution
		Debug|Any CPU = Debug|Any CPU
		Release|Any CPU = Release|Any CPU
	EndGlobalSection
	GlobalSection(ProjectConfigurationPlatforms) = postSolution
		{CC29BDE4-BED3-44E6-981E-0DAD3DEAA5FD}.Debug|Any CPU.ActiveCfg = Debug|Any CPU
		{CC29BDE4-BED3-44E6-981E-0DAD3DEAA5FD}.Debug|Any CPU.Build.0 = Debug|Any CPU
		{CC29BDE4-BED3-44E6-981E-0DAD3DEAA5FD}.Release|Any CPU.ActiveCfg = Release|Any CPU
		{CC29BDE4-BED3-44E6-981E-0DAD3DEAA5FD}.Release|Any CPU.Build.0 = Release|Any CPU
		{6D8D0E1A-A2BD-43AA-BDFA-0DBA31F4BB19}.Debug|Any CPU.ActiveCfg = Debug|Any CPU
		{6D8D0E1A-A2BD-43AA-BDFA-0DBA31F4BB19}.Debug|Any CPU.Build.0 = Debug|Any CPU
		{6D8D0E1A-A2BD-43AA-BDFA-0DBA31F4BB19}.Release|Any CPU.ActiveCfg = Release|Any CPU
		{6D8D0E1A-A2BD-43AA-BDFA-0DBA31F4BB19}.Release|Any CPU.Build.0 = Release|Any CPU
	EndGlobalSection
	GlobalSection(SolutionProperties) = preSolution
		HideSolutionNode = FALSE
	EndGlobalSection
	GlobalSection(ExtensibilityGlobals) = postSolution
		SolutionGuid = {DF5BB405-56A4-4F1D-A6E6-9CAE811AB358}
	EndGlobalSection
EndGlobal
